{
  "requires": true,
  "lockfileVersion": 1,
  "dependencies": {
    "react-confirm-alert": {
      "version": "2.4.1",
      "resolved": "https://registry.npmjs.org/react-confirm-alert/-/react-confirm-alert-2.4.1.tgz",
      "integrity": "sha512-Sc2N1paCTCS5HWEAhik2IQa9/vwSQLAoCT5uccjPH/VyTaBAkRPZPx9sUqFTy3q5VnnGwCPsoz7fnw54x79d/w=="
    }
  }
}
